
Microsoft Visual Studio Solution File, Format Version 12.00
# Visual Studio 2012
Project("{FAE04EC0-301F-11D3-BF4B-00C04F79EFBC}") = "ConsoleApplication5", "ConsoleApplication5\ConsoleApplication5.csproj", "{FA5C6502-41AC-4F4D-8E6C-8FBA97277AFC}"
EndProject
Global
	GlobalSection(SolutionConfigurationPlatforms) = preSolution
		Debug|Any CPU = Debug|Any CPU
		Release|Any CPU = Release|Any CPU
	EndGlobalSection
	GlobalSection(ProjectConfigurationPlatforms) = postSolution
		{FA5C6502-41AC-4F4D-8E6C-8FBA97277AFC}.Debug|Any CPU.ActiveCfg = Debug|Any CPU
		{FA5C6502-41AC-4F4D-8E6C-8FBA97277AFC}.Debug|Any CPU.Build.0 = Debug|Any CPU
		{FA5C6502-41AC-4F4D-8E6C-8FBA97277AFC}.Release|Any CPU.ActiveCfg = Release|Any CPU
		{FA5C6502-41AC-4F4D-8E6C-8FBA97277AFC}.Release|Any CPU.Build.0 = Release|Any CPU
	EndGlobalSection
	GlobalSection(SolutionProperties) = preSolution
		HideSolutionNode = FALSE
	EndGlobalSection
EndGlobal
