
Microsoft Visual Studio Solution File, Format Version 12.00
# Visual Studio 2012
Project("{FAE04EC0-301F-11D3-BF4B-00C04F79EFBC}") = "lista3Atv16", "lista3Atv16\lista3Atv16.csproj", "{26C16E67-E588-4FA3-BA26-E934CE3C66E2}"
EndProject
Global
	GlobalSection(SolutionConfigurationPlatforms) = preSolution
		Debug|Any CPU = Debug|Any CPU
		Release|Any CPU = Release|Any CPU
	EndGlobalSection
	GlobalSection(ProjectConfigurationPlatforms) = postSolution
		{26C16E67-E588-4FA3-BA26-E934CE3C66E2}.Debug|Any CPU.ActiveCfg = Debug|Any CPU
		{26C16E67-E588-4FA3-BA26-E934CE3C66E2}.Debug|Any CPU.Build.0 = Debug|Any CPU
		{26C16E67-E588-4FA3-BA26-E934CE3C66E2}.Release|Any CPU.ActiveCfg = Release|Any CPU
		{26C16E67-E588-4FA3-BA26-E934CE3C66E2}.Release|Any CPU.Build.0 = Release|Any CPU
	EndGlobalSection
	GlobalSection(SolutionProperties) = preSolution
		HideSolutionNode = FALSE
	EndGlobalSection
EndGlobal
