
Microsoft Visual Studio Solution File, Format Version 12.00
# Visual Studio 2012
Project("{FAE04EC0-301F-11D3-BF4B-00C04F79EFBC}") = "lista3Atv7", "lista3Atv7\lista3Atv7.csproj", "{FD7CC4F9-7992-4390-A91A-F16A8A1ED0E6}"
EndProject
Global
	GlobalSection(SolutionConfigurationPlatforms) = preSolution
		Debug|Any CPU = Debug|Any CPU
		Release|Any CPU = Release|Any CPU
	EndGlobalSection
	GlobalSection(ProjectConfigurationPlatforms) = postSolution
		{FD7CC4F9-7992-4390-A91A-F16A8A1ED0E6}.Debug|Any CPU.ActiveCfg = Debug|Any CPU
		{FD7CC4F9-7992-4390-A91A-F16A8A1ED0E6}.Debug|Any CPU.Build.0 = Debug|Any CPU
		{FD7CC4F9-7992-4390-A91A-F16A8A1ED0E6}.Release|Any CPU.ActiveCfg = Release|Any CPU
		{FD7CC4F9-7992-4390-A91A-F16A8A1ED0E6}.Release|Any CPU.Build.0 = Release|Any CPU
	EndGlobalSection
	GlobalSection(SolutionProperties) = preSolution
		HideSolutionNode = FALSE
	EndGlobalSection
EndGlobal
