
Microsoft Visual Studio Solution File, Format Version 12.00
# Visual Studio 2012
Project("{FAE04EC0-301F-11D3-BF4B-00C04F79EFBC}") = "lista3Atv15", "lista3Atv15\lista3Atv15.csproj", "{673EF07E-BBF1-41B3-9836-C223CDC19065}"
EndProject
Global
	GlobalSection(SolutionConfigurationPlatforms) = preSolution
		Debug|Any CPU = Debug|Any CPU
		Release|Any CPU = Release|Any CPU
	EndGlobalSection
	GlobalSection(ProjectConfigurationPlatforms) = postSolution
		{673EF07E-BBF1-41B3-9836-C223CDC19065}.Debug|Any CPU.ActiveCfg = Debug|Any CPU
		{673EF07E-BBF1-41B3-9836-C223CDC19065}.Debug|Any CPU.Build.0 = Debug|Any CPU
		{673EF07E-BBF1-41B3-9836-C223CDC19065}.Release|Any CPU.ActiveCfg = Release|Any CPU
		{673EF07E-BBF1-41B3-9836-C223CDC19065}.Release|Any CPU.Build.0 = Release|Any CPU
	EndGlobalSection
	GlobalSection(SolutionProperties) = preSolution
		HideSolutionNode = FALSE
	EndGlobalSection
EndGlobal
