
Microsoft Visual Studio Solution File, Format Version 12.00
# Visual Studio 2012
Project("{FAE04EC0-301F-11D3-BF4B-00C04F79EFBC}") = "funcaoDivisores", "funcaoDivisores\funcaoDivisores.csproj", "{11D94D70-F05F-4D37-AC42-2B3BB6366DAB}"
EndProject
Global
	GlobalSection(SolutionConfigurationPlatforms) = preSolution
		Debug|Any CPU = Debug|Any CPU
		Release|Any CPU = Release|Any CPU
	EndGlobalSection
	GlobalSection(ProjectConfigurationPlatforms) = postSolution
		{11D94D70-F05F-4D37-AC42-2B3BB6366DAB}.Debug|Any CPU.ActiveCfg = Debug|Any CPU
		{11D94D70-F05F-4D37-AC42-2B3BB6366DAB}.Debug|Any CPU.Build.0 = Debug|Any CPU
		{11D94D70-F05F-4D37-AC42-2B3BB6366DAB}.Release|Any CPU.ActiveCfg = Release|Any CPU
		{11D94D70-F05F-4D37-AC42-2B3BB6366DAB}.Release|Any CPU.Build.0 = Release|Any CPU
	EndGlobalSection
	GlobalSection(SolutionProperties) = preSolution
		HideSolutionNode = FALSE
	EndGlobalSection
EndGlobal
