
Microsoft Visual Studio Solution File, Format Version 12.00
# Visual Studio 2012
Project("{FAE04EC0-301F-11D3-BF4B-00C04F79EFBC}") = "lista3Atv6", "lista3Atv6\lista3Atv6.csproj", "{F106ADDF-DC4E-4C5B-B903-1064F426E46A}"
EndProject
Global
	GlobalSection(SolutionConfigurationPlatforms) = preSolution
		Debug|Any CPU = Debug|Any CPU
		Release|Any CPU = Release|Any CPU
	EndGlobalSection
	GlobalSection(ProjectConfigurationPlatforms) = postSolution
		{F106ADDF-DC4E-4C5B-B903-1064F426E46A}.Debug|Any CPU.ActiveCfg = Debug|Any CPU
		{F106ADDF-DC4E-4C5B-B903-1064F426E46A}.Debug|Any CPU.Build.0 = Debug|Any CPU
		{F106ADDF-DC4E-4C5B-B903-1064F426E46A}.Release|Any CPU.ActiveCfg = Release|Any CPU
		{F106ADDF-DC4E-4C5B-B903-1064F426E46A}.Release|Any CPU.Build.0 = Release|Any CPU
	EndGlobalSection
	GlobalSection(SolutionProperties) = preSolution
		HideSolutionNode = FALSE
	EndGlobalSection
EndGlobal
