
Microsoft Visual Studio Solution File, Format Version 12.00
# Visual Studio 2012
Project("{FAE04EC0-301F-11D3-BF4B-00C04F79EFBC}") = "funcaoMercadorias", "funcaoMercadorias\funcaoMercadorias.csproj", "{73FB96E6-9EEA-4CFA-9F78-5D0EFDD63E76}"
EndProject
Global
	GlobalSection(SolutionConfigurationPlatforms) = preSolution
		Debug|Any CPU = Debug|Any CPU
		Release|Any CPU = Release|Any CPU
	EndGlobalSection
	GlobalSection(ProjectConfigurationPlatforms) = postSolution
		{73FB96E6-9EEA-4CFA-9F78-5D0EFDD63E76}.Debug|Any CPU.ActiveCfg = Debug|Any CPU
		{73FB96E6-9EEA-4CFA-9F78-5D0EFDD63E76}.Debug|Any CPU.Build.0 = Debug|Any CPU
		{73FB96E6-9EEA-4CFA-9F78-5D0EFDD63E76}.Release|Any CPU.ActiveCfg = Release|Any CPU
		{73FB96E6-9EEA-4CFA-9F78-5D0EFDD63E76}.Release|Any CPU.Build.0 = Release|Any CPU
	EndGlobalSection
	GlobalSection(SolutionProperties) = preSolution
		HideSolutionNode = FALSE
	EndGlobalSection
EndGlobal
